// !$*UTF8*$!
{
	archiveVersion = 1;
	classes = {
	};
	objectVersion = 46;
	objects = {

/* Begin PBXBuildFile section */
		926B20061BA0A2100017AFAA /* Sound.swift in Sources */ = {isa = PBXBuildFile; fileRef = 926B20051BA0A2100017AFAA /* Sound.swift */; };
		927D1E8C1B96DA2D00519B50 /* MyUIButton.swift in Sources */ = {isa = PBXBuildFile; fileRef = 927D1E8B1B96DA2D00519B50 /* MyUIButton.swift */; };
		929421121B9929A600043F69 /* Score.swift in Sources */ = {isa = PBXBuildFile; fileRef = 929421111B9929A600043F69 /* Score.swift */; };
		92B6B1FE1B95F97100EDAD5B /* AppDelegate.swift in Sources */ = {isa = PBXBuildFile; fileRef = 92B6B1FD1B95F97100EDAD5B /* AppDelegate.swift */; };
		92B6B2001B95F97100EDAD5B /* HomeController.swift in Sources */ = {isa = PBXBuildFile; fileRef = 92B6B1FF1B95F97100EDAD5B /* HomeController.swift */; };
		92B6B2031B95F97100EDAD5B /* Main.storyboard in Resources */ = {isa = PBXBuildFile; fileRef = 92B6B2011B95F97100EDAD5B /* Main.storyboard */; };
		92B6B2051B95F97100EDAD5B /* Images.xcassets in Resources */ = {isa = PBXBuildFile; fileRef = 92B6B2041B95F97100EDAD5B /* Images.xcassets */; };
		92B6B2081B95F97100EDAD5B /* LaunchScreen.xib in Resources */ = {isa = PBXBuildFile; fileRef = 92B6B2061B95F97100EDAD5B /* LaunchScreen.xib */; };
		92B6B2141B95F97100EDAD5B /* PKem_IQTests.swift in Sources */ = {isa = PBXBuildFile; fileRef = 92B6B2131B95F97100EDAD5B /* PKem_IQTests.swift */; };
		92B6B21E1B95FF7600EDAD5B /* GameController.swift in Sources */ = {isa = PBXBuildFile; fileRef = 92B6B21D1B95FF7600EDAD5B /* GameController.swift */; };
		BB0FB30A1E0D328F00A876FC /* Game.swift in Sources */ = {isa = PBXBuildFile; fileRef = BB0FB3091E0D328F00A876FC /* Game.swift */; };
		BB47D8E61E0D13C30088ADFE /* tick.wav in Resources */ = {isa = PBXBuildFile; fileRef = BB47D8E41E0D13C30088ADFE /* tick.wav */; };
		BB47D8E71E0D13C30088ADFE /* wrong.wav in Resources */ = {isa = PBXBuildFile; fileRef = BB47D8E51E0D13C30088ADFE /* wrong.wav */; };
		BB47D8E91E0D13D60088ADFE /* drop.wav in Resources */ = {isa = PBXBuildFile; fileRef = BB47D8E81E0D13D60088ADFE /* drop.wav */; };
		BB5E05601E11047500088B19 /* Crasng.ttf in Resources */ = {isa = PBXBuildFile; fileRef = BB5E055E1E1100A300088B19 /* Crasng.ttf */; };
		BB5E05611E11047700088B19 /* Crasns.ttf in Resources */ = {isa = PBXBuildFile; fileRef = BB5E055F1E1100A300088B19 /* Crasns.ttf */; };
		BB5E05631E1106C200088B19 /* sunshiney.regular.ttf in Resources */ = {isa = PBXBuildFile; fileRef = BB5E05621E1106C200088B19 /* sunshiney.regular.ttf */; };
		BB945A031E10A71F004B047B /* UIColor.swift in Sources */ = {isa = PBXBuildFile; fileRef = BB945A021E10A71F004B047B /* UIColor.swift */; };
		BB945A051E10D3F1004B047B /* GoogleMobileAds.framework in Frameworks */ = {isa = PBXBuildFile; fileRef = BB945A041E10D3F1004B047B /* GoogleMobileAds.framework */; };
		BB945A0C1E10D456004B047B /* FirebaseAnalytics.framework in Frameworks */ = {isa = PBXBuildFile; fileRef = BB945A061E10D456004B047B /* FirebaseAnalytics.framework */; };
		BB945A0D1E10D456004B047B /* FirebaseCore.framework in Frameworks */ = {isa = PBXBuildFile; fileRef = BB945A071E10D456004B047B /* FirebaseCore.framework */; };
		BB945A0E1E10D456004B047B /* FirebaseInstanceID.framework in Frameworks */ = {isa = PBXBuildFile; fileRef = BB945A081E10D456004B047B /* FirebaseInstanceID.framework */; };
		BB945A0F1E10D456004B047B /* GoogleInterchangeUtilities.framework in Frameworks */ = {isa = PBXBuildFile; fileRef = BB945A091E10D456004B047B /* GoogleInterchangeUtilities.framework */; };
		BB945A101E10D456004B047B /* GoogleSymbolUtilities.framework in Frameworks */ = {isa = PBXBuildFile; fileRef = BB945A0A1E10D456004B047B /* GoogleSymbolUtilities.framework */; };
		BB945A111E10D456004B047B /* GoogleToolboxForMac.framework in Frameworks */ = {isa = PBXBuildFile; fileRef = BB945A0B1E10D456004B047B /* GoogleToolboxForMac.framework */; };
		BBBC56BC1E0FB2A70022A2B3 /* level1.json in Resources */ = {isa = PBXBuildFile; fileRef = BBBC56B91E0FB2A70022A2B3 /* level1.json */; };
		BBBC56BD1E0FB2A70022A2B3 /* level2.json in Resources */ = {isa = PBXBuildFile; fileRef = BBBC56BA1E0FB2A70022A2B3 /* level2.json */; };
		BBBC56BE1E0FB2A70022A2B3 /* level3.json in Resources */ = {isa = PBXBuildFile; fileRef = BBBC56BB1E0FB2A70022A2B3 /* level3.json */; };
		C7F044D21E0F5E3900759974 /* SwiftyJSON.swift in Sources */ = {isa = PBXBuildFile; fileRef = C7F044D11E0F5E3900759974 /* SwiftyJSON.swift */; };
/* End PBXBuildFile section */

/* Begin PBXContainerItemProxy section */
		92B6B20E1B95F97100EDAD5B /* PBXContainerItemProxy */ = {
			isa = PBXContainerItemProxy;
			containerPortal = 92B6B1F01B95F97000EDAD5B /* Project object */;
			proxyType = 1;
			remoteGlobalIDString = 92B6B1F71B95F97000EDAD5B;
			remoteInfo = "PKem IQ";
		};
/* End PBXContainerItemProxy section */

/* Begin PBXCopyFilesBuildPhase section */
		BB47D8E31E0D0BCD0088ADFE /* Embed Frameworks */ = {
			isa = PBXCopyFilesBuildPhase;
			buildActionMask = 2147483647;
			dstPath = "";
			dstSubfolderSpec = 10;
			files = (
			);
			name = "Embed Frameworks";
			runOnlyForDeploymentPostprocessing = 0;
		};
/* End PBXCopyFilesBuildPhase section */

/* Begin PBXFileReference section */
		926B20051BA0A2100017AFAA /* Sound.swift */ = {isa = PBXFileReference; fileEncoding = 4; lastKnownFileType = sourcecode.swift; path = Sound.swift; sourceTree = "<group>"; };
		927D1E8B1B96DA2D00519B50 /* MyUIButton.swift */ = {isa = PBXFileReference; fileEncoding = 4; lastKnownFileType = sourcecode.swift; path = MyUIButton.swift; sourceTree = "<group>"; };
		929421111B9929A600043F69 /* Score.swift */ = {isa = PBXFileReference; fileEncoding = 4; lastKnownFileType = sourcecode.swift; path = Score.swift; sourceTree = "<group>"; };
		92B6B1F81B95F97100EDAD5B /* PKem IQ.app */ = {isa = PBXFileReference; explicitFileType = wrapper.application; includeInIndex = 0; path = "PKem IQ.app"; sourceTree = BUILT_PRODUCTS_DIR; };
		92B6B1FC1B95F97100EDAD5B /* Info.plist */ = {isa = PBXFileReference; lastKnownFileType = text.plist.xml; path = Info.plist; sourceTree = "<group>"; };
		92B6B1FD1B95F97100EDAD5B /* AppDelegate.swift */ = {isa = PBXFileReference; lastKnownFileType = sourcecode.swift; path = AppDelegate.swift; sourceTree = "<group>"; };
		92B6B1FF1B95F97100EDAD5B /* HomeController.swift */ = {isa = PBXFileReference; lastKnownFileType = sourcecode.swift; path = HomeController.swift; sourceTree = "<group>"; };
		92B6B2021B95F97100EDAD5B /* Base */ = {isa = PBXFileReference; lastKnownFileType = file.storyboard; name = Base; path = Base.lproj/Main.storyboard; sourceTree = "<group>"; };
		92B6B2041B95F97100EDAD5B /* Images.xcassets */ = {isa = PBXFileReference; lastKnownFileType = folder.assetcatalog; path = Images.xcassets; sourceTree = "<group>"; };
		92B6B2071B95F97100EDAD5B /* Base */ = {isa = PBXFileReference; lastKnownFileType = file.xib; name = Base; path = Base.lproj/LaunchScreen.xib; sourceTree = "<group>"; };
		92B6B20D1B95F97100EDAD5B /* PKem IQTests.xctest */ = {isa = PBXFileReference; explicitFileType = wrapper.cfbundle; includeInIndex = 0; path = "PKem IQTests.xctest"; sourceTree = BUILT_PRODUCTS_DIR; };
		92B6B2121B95F97100EDAD5B /* Info.plist */ = {isa = PBXFileReference; lastKnownFileType = text.plist.xml; path = Info.plist; sourceTree = "<group>"; };
		92B6B2131B95F97100EDAD5B /* PKem_IQTests.swift */ = {isa = PBXFileReference; lastKnownFileType = sourcecode.swift; path = PKem_IQTests.swift; sourceTree = "<group>"; };
		92B6B21D1B95FF7600EDAD5B /* GameController.swift */ = {isa = PBXFileReference; fileEncoding = 4; lastKnownFileType = sourcecode.swift; path = GameController.swift; sourceTree = "<group>"; };
		BB0FB3091E0D328F00A876FC /* Game.swift */ = {isa = PBXFileReference; fileEncoding = 4; lastKnownFileType = sourcecode.swift; path = Game.swift; sourceTree = "<group>"; };
		BB47D8E41E0D13C30088ADFE /* tick.wav */ = {isa = PBXFileReference; lastKnownFileType = audio.wav; path = tick.wav; sourceTree = "<group>"; };
		BB47D8E51E0D13C30088ADFE /* wrong.wav */ = {isa = PBXFileReference; lastKnownFileType = audio.wav; path = wrong.wav; sourceTree = "<group>"; };
		BB47D8E81E0D13D60088ADFE /* drop.wav */ = {isa = PBXFileReference; lastKnownFileType = audio.wav; path = drop.wav; sourceTree = "<group>"; };
		BB5E055E1E1100A300088B19 /* Crasng.ttf */ = {isa = PBXFileReference; lastKnownFileType = file; name = Crasng.ttf; path = ../Crasng.ttf; sourceTree = "<group>"; };
		BB5E055F1E1100A300088B19 /* Crasns.ttf */ = {isa = PBXFileReference; lastKnownFileType = file; name = Crasns.ttf; path = ../Crasns.ttf; sourceTree = "<group>"; };
		BB5E05621E1106C200088B19 /* sunshiney.regular.ttf */ = {isa = PBXFileReference; lastKnownFileType = file; path = sunshiney.regular.ttf; sourceTree = "<group>"; };
		BB945A021E10A71F004B047B /* UIColor.swift */ = {isa = PBXFileReference; fileEncoding = 4; lastKnownFileType = sourcecode.swift; path = UIColor.swift; sourceTree = "<group>"; };
		BB945A041E10D3F1004B047B /* GoogleMobileAds.framework */ = {isa = PBXFileReference; lastKnownFileType = wrapper.framework; path = GoogleMobileAds.framework; sourceTree = "<group>"; };
		BB945A061E10D456004B047B /* FirebaseAnalytics.framework */ = {isa = PBXFileReference; lastKnownFileType = wrapper.framework; path = FirebaseAnalytics.framework; sourceTree = "<group>"; };
		BB945A071E10D456004B047B /* FirebaseCore.framework */ = {isa = PBXFileReference; lastKnownFileType = wrapper.framework; path = FirebaseCore.framework; sourceTree = "<group>"; };
		BB945A081E10D456004B047B /* FirebaseInstanceID.framework */ = {isa = PBXFileReference; lastKnownFileType = wrapper.framework; path = FirebaseInstanceID.framework; sourceTree = "<group>"; };
		BB945A091E10D456004B047B /* GoogleInterchangeUtilities.framework */ = {isa = PBXFileReference; lastKnownFileType = wrapper.framework; path = GoogleInterchangeUtilities.framework; sourceTree = "<group>"; };
		BB945A0A1E10D456004B047B /* GoogleSymbolUtilities.framework */ = {isa = PBXFileReference; lastKnownFileType = wrapper.framework; path = GoogleSymbolUtilities.framework; sourceTree = "<group>"; };
		BB945A0B1E10D456004B047B /* GoogleToolboxForMac.framework */ = {isa = PBXFileReference; lastKnownFileType = wrapper.framework; path = GoogleToolboxForMac.framework; sourceTree = "<group>"; };
		BBBC56B91E0FB2A70022A2B3 /* level1.json */ = {isa = PBXFileReference; fileEncoding = 4; lastKnownFileType = text.json; path = level1.json; sourceTree = "<group>"; };
		BBBC56BA1E0FB2A70022A2B3 /* level2.json */ = {isa = PBXFileReference; fileEncoding = 4; lastKnownFileType = text.json; path = level2.json; sourceTree = "<group>"; };
		BBBC56BB1E0FB2A70022A2B3 /* level3.json */ = {isa = PBXFileReference; fileEncoding = 4; lastKnownFileType = text.json; path = level3.json; sourceTree = "<group>"; };
		C7F044D11E0F5E3900759974 /* SwiftyJSON.swift */ = {isa = PBXFileReference; fileEncoding = 4; lastKnownFileType = sourcecode.swift; name = SwiftyJSON.swift; path = ../SwiftyJSON.swift; sourceTree = "<group>"; };
/* End PBXFileReference section */

/* Begin PBXFrameworksBuildPhase section */
		92B6B1F51B95F97000EDAD5B /* Frameworks */ = {
			isa = PBXFrameworksBuildPhase;
			buildActionMask = 2147483647;
			files = (
				BB945A111E10D456004B047B /* GoogleToolboxForMac.framework in Frameworks */,
				BB945A101E10D456004B047B /* GoogleSymbolUtilities.framework in Frameworks */,
				BB945A0C1E10D456004B047B /* FirebaseAnalytics.framework in Frameworks */,
				BB945A051E10D3F1004B047B /* GoogleMobileAds.framework in Frameworks */,
				BB945A0D1E10D456004B047B /* FirebaseCore.framework in Frameworks */,
				BB945A0E1E10D456004B047B /* FirebaseInstanceID.framework in Frameworks */,
				BB945A0F1E10D456004B047B /* GoogleInterchangeUtilities.framework in Frameworks */,
			);
			runOnlyForDeploymentPostprocessing = 0;
		};
		92B6B20A1B95F97100EDAD5B /* Frameworks */ = {
			isa = PBXFrameworksBuildPhase;
			buildActionMask = 2147483647;
			files = (
			);
			runOnlyForDeploymentPostprocessing = 0;
		};
/* End PBXFrameworksBuildPhase section */

/* Begin PBXGroup section */
		92B6B1EF1B95F97000EDAD5B = {
			isa = PBXGroup;
			children = (
				BB945A061E10D456004B047B /* FirebaseAnalytics.framework */,
				BB945A071E10D456004B047B /* FirebaseCore.framework */,
				BB945A081E10D456004B047B /* FirebaseInstanceID.framework */,
				BB945A091E10D456004B047B /* GoogleInterchangeUtilities.framework */,
				BB945A0A1E10D456004B047B /* GoogleSymbolUtilities.framework */,
				BB945A0B1E10D456004B047B /* GoogleToolboxForMac.framework */,
				BB945A041E10D3F1004B047B /* GoogleMobileAds.framework */,
				92B6B1FA1B95F97100EDAD5B /* PKem IQ */,
				92B6B2101B95F97100EDAD5B /* PKem IQTests */,
				92B6B1F91B95F97100EDAD5B /* Products */,
			);
			sourceTree = "<group>";
		};
		92B6B1F91B95F97100EDAD5B /* Products */ = {
			isa = PBXGroup;
			children = (
				92B6B1F81B95F97100EDAD5B /* PKem IQ.app */,
				92B6B20D1B95F97100EDAD5B /* PKem IQTests.xctest */,
			);
			name = Products;
			sourceTree = "<group>";
		};
		92B6B1FA1B95F97100EDAD5B /* PKem IQ */ = {
			isa = PBXGroup;
			children = (
				C7F044D11E0F5E3900759974 /* SwiftyJSON.swift */,
				92B6B1FD1B95F97100EDAD5B /* AppDelegate.swift */,
				92B6B1FF1B95F97100EDAD5B /* HomeController.swift */,
				92B6B2011B95F97100EDAD5B /* Main.storyboard */,
				927D1E8B1B96DA2D00519B50 /* MyUIButton.swift */,
				92B6B2041B95F97100EDAD5B /* Images.xcassets */,
				92B6B2061B95F97100EDAD5B /* LaunchScreen.xib */,
				92B6B1FB1B95F97100EDAD5B /* Supporting Files */,
				92B6B21D1B95FF7600EDAD5B /* GameController.swift */,
				BB945A021E10A71F004B047B /* UIColor.swift */,
				929421111B9929A600043F69 /* Score.swift */,
				926B20051BA0A2100017AFAA /* Sound.swift */,
				BB0FB3091E0D328F00A876FC /* Game.swift */,
			);
			path = "PKem IQ";
			sourceTree = "<group>";
		};
		92B6B1FB1B95F97100EDAD5B /* Supporting Files */ = {
			isa = PBXGroup;
			children = (
				BB5E05621E1106C200088B19 /* sunshiney.regular.ttf */,
				BB5E055E1E1100A300088B19 /* Crasng.ttf */,
				BB5E055F1E1100A300088B19 /* Crasns.ttf */,
				BBBC56B91E0FB2A70022A2B3 /* level1.json */,
				BBBC56BA1E0FB2A70022A2B3 /* level2.json */,
				BBBC56BB1E0FB2A70022A2B3 /* level3.json */,
				BB47D8E81E0D13D60088ADFE /* drop.wav */,
				BB47D8E41E0D13C30088ADFE /* tick.wav */,
				BB47D8E51E0D13C30088ADFE /* wrong.wav */,
				92B6B1FC1B95F97100EDAD5B /* Info.plist */,
			);
			name = "Supporting Files";
			sourceTree = "<group>";
		};
		92B6B2101B95F97100EDAD5B /* PKem IQTests */ = {
			isa = PBXGroup;
			children = (
				92B6B2131B95F97100EDAD5B /* PKem_IQTests.swift */,
				92B6B2111B95F97100EDAD5B /* Supporting Files */,
			);
			path = "PKem IQTests";
			sourceTree = "<group>";
		};
		92B6B2111B95F97100EDAD5B /* Supporting Files */ = {
			isa = PBXGroup;
			children = (
				92B6B2121B95F97100EDAD5B /* Info.plist */,
			);
			name = "Supporting Files";
			sourceTree = "<group>";
		};
/* End PBXGroup section */

/* Begin PBXNativeTarget section */
		92B6B1F71B95F97000EDAD5B /* PKem IQ */ = {
			isa = PBXNativeTarget;
			buildConfigurationList = 92B6B2171B95F97100EDAD5B /* Build configuration list for PBXNativeTarget "PKem IQ" */;
			buildPhases = (
				92B6B1F41B95F97000EDAD5B /* Sources */,
				92B6B1F51B95F97000EDAD5B /* Frameworks */,
				92B6B1F61B95F97000EDAD5B /* Resources */,
				BB47D8E31E0D0BCD0088ADFE /* Embed Frameworks */,
			);
			buildRules = (
			);
			dependencies = (
			);
			name = "PKem IQ";
			productName = "PKem IQ";
			productReference = 92B6B1F81B95F97100EDAD5B /* PKem IQ.app */;
			productType = "com.apple.product-type.application";
		};
		92B6B20C1B95F97100EDAD5B /* PKem IQTests */ = {
			isa = PBXNativeTarget;
			buildConfigurationList = 92B6B21A1B95F97100EDAD5B /* Build configuration list for PBXNativeTarget "PKem IQTests" */;
			buildPhases = (
				92B6B2091B95F97100EDAD5B /* Sources */,
				92B6B20A1B95F97100EDAD5B /* Frameworks */,
				92B6B20B1B95F97100EDAD5B /* Resources */,
			);
			buildRules = (
			);
			dependencies = (
				92B6B20F1B95F97100EDAD5B /* PBXTargetDependency */,
			);
			name = "PKem IQTests";
			productName = "PKem IQTests";
			productReference = 92B6B20D1B95F97100EDAD5B /* PKem IQTests.xctest */;
			productType = "com.apple.product-type.bundle.unit-test";
		};
/* End PBXNativeTarget section */

/* Begin PBXProject section */
		92B6B1F01B95F97000EDAD5B /* Project object */ = {
			isa = PBXProject;
			attributes = {
				LastSwiftMigration = 0700;
				LastSwiftUpdateCheck = 0700;
				LastUpgradeCheck = 0820;
				ORGANIZATIONNAME = "EOSS-TH";
				TargetAttributes = {
					92B6B1F71B95F97000EDAD5B = {
						CreatedOnToolsVersion = 6.4;
						DevelopmentTeam = CU23D7G53Q;
						LastSwiftMigration = 0820;
					};
					92B6B20C1B95F97100EDAD5B = {
						CreatedOnToolsVersion = 6.4;
						LastSwiftMigration = 0820;
						TestTargetID = 92B6B1F71B95F97000EDAD5B;
					};
				};
			};
			buildConfigurationList = 92B6B1F31B95F97000EDAD5B /* Build configuration list for PBXProject "PKem IQ" */;
			compatibilityVersion = "Xcode 3.2";
			developmentRegion = English;
			hasScannedForEncodings = 0;
			knownRegions = (
				en,
				Base,
			);
			mainGroup = 92B6B1EF1B95F97000EDAD5B;
			productRefGroup = 92B6B1F91B95F97100EDAD5B /* Products */;
			projectDirPath = "";
			projectRoot = "";
			targets = (
				92B6B1F71B95F97000EDAD5B /* PKem IQ */,
				92B6B20C1B95F97100EDAD5B /* PKem IQTests */,
			);
		};
/* End PBXProject section */

/* Begin PBXResourcesBuildPhase section */
		92B6B1F61B95F97000EDAD5B /* Resources */ = {
			isa = PBXResourcesBuildPhase;
			buildActionMask = 2147483647;
			files = (
				BB5E05601E11047500088B19 /* Crasng.ttf in Resources */,
				BB47D8E71E0D13C30088ADFE /* wrong.wav in Resources */,
				BBBC56BE1E0FB2A70022A2B3 /* level3.json in Resources */,
				92B6B2031B95F97100EDAD5B /* Main.storyboard in Resources */,
				92B6B2081B95F97100EDAD5B /* LaunchScreen.xib in Resources */,
				BBBC56BC1E0FB2A70022A2B3 /* level1.json in Resources */,
				BB47D8E91E0D13D60088ADFE /* drop.wav in Resources */,
				BB5E05631E1106C200088B19 /* sunshiney.regular.ttf in Resources */,
				BBBC56BD1E0FB2A70022A2B3 /* level2.json in Resources */,
				BB5E05611E11047700088B19 /* Crasns.ttf in Resources */,
				92B6B2051B95F97100EDAD5B /* Images.xcassets in Resources */,
				BB47D8E61E0D13C30088ADFE /* tick.wav in Resources */,
			);
			runOnlyForDeploymentPostprocessing = 0;
		};
		92B6B20B1B95F97100EDAD5B /* Resources */ = {
			isa = PBXResourcesBuildPhase;
			buildActionMask = 2147483647;
			files = (
			);
			runOnlyForDeploymentPostprocessing = 0;
		};
/* End PBXResourcesBuildPhase section */

/* Begin PBXSourcesBuildPhase section */
		92B6B1F41B95F97000EDAD5B /* Sources */ = {
			isa = PBXSourcesBuildPhase;
			buildActionMask = 2147483647;
			files = (
				926B20061BA0A2100017AFAA /* Sound.swift in Sources */,
				BB0FB30A1E0D328F00A876FC /* Game.swift in Sources */,
				92B6B2001B95F97100EDAD5B /* HomeController.swift in Sources */,
				C7F044D21E0F5E3900759974 /* SwiftyJSON.swift in Sources */,
				BB945A031E10A71F004B047B /* UIColor.swift in Sources */,
				92B6B21E1B95FF7600EDAD5B /* GameController.swift in Sources */,
				92B6B1FE1B95F97100EDAD5B /* AppDelegate.swift in Sources */,
				929421121B9929A600043F69 /* Score.swift in Sources */,
				927D1E8C1B96DA2D00519B50 /* MyUIButton.swift in Sources */,
			);
			runOnlyForDeploymentPostprocessing = 0;
		};
		92B6B2091B95F97100EDAD5B /* Sources */ = {
			isa = PBXSourcesBuildPhase;
			buildActionMask = 2147483647;
			files = (
				92B6B2141B95F97100EDAD5B /* PKem_IQTests.swift in Sources */,
			);
			runOnlyForDeploymentPostprocessing = 0;
		};
/* End PBXSourcesBuildPhase section */

/* Begin PBXTargetDependency section */
		92B6B20F1B95F97100EDAD5B /* PBXTargetDependency */ = {
			isa = PBXTargetDependency;
			target = 92B6B1F71B95F97000EDAD5B /* PKem IQ */;
			targetProxy = 92B6B20E1B95F97100EDAD5B /* PBXContainerItemProxy */;
		};
/* End PBXTargetDependency section */

/* Begin PBXVariantGroup section */
		92B6B2011B95F97100EDAD5B /* Main.storyboard */ = {
			isa = PBXVariantGroup;
			children = (
				92B6B2021B95F97100EDAD5B /* Base */,
			);
			name = Main.storyboard;
			sourceTree = "<group>";
		};
		92B6B2061B95F97100EDAD5B /* LaunchScreen.xib */ = {
			isa = PBXVariantGroup;
			children = (
				92B6B2071B95F97100EDAD5B /* Base */,
			);
			name = LaunchScreen.xib;
			sourceTree = "<group>";
		};
/* End PBXVariantGroup section */

/* Begin XCBuildConfiguration section */
		92B6B2151B95F97100EDAD5B /* Debug */ = {
			isa = XCBuildConfiguration;
			buildSettings = {
				ALWAYS_SEARCH_USER_PATHS = NO;
				CLANG_CXX_LANGUAGE_STANDARD = "gnu++0x";
				CLANG_CXX_LIBRARY = "libc++";
				CLANG_ENABLE_MODULES = YES;
				CLANG_ENABLE_OBJC_ARC = YES;
				CLANG_WARN_BOOL_CONVERSION = YES;
				CLANG_WARN_CONSTANT_CONVERSION = YES;
				CLANG_WARN_DIRECT_OBJC_ISA_USAGE = YES_ERROR;
				CLANG_WARN_EMPTY_BODY = YES;
				CLANG_WARN_ENUM_CONVERSION = YES;
				CLANG_WARN_INFINITE_RECURSION = YES;
				CLANG_WARN_INT_CONVERSION = YES;
				CLANG_WARN_OBJC_ROOT_CLASS = YES_ERROR;
				CLANG_WARN_SUSPICIOUS_MOVE = YES;
				CLANG_WARN_UNREACHABLE_CODE = YES;
				CLANG_WARN__DUPLICATE_METHOD_MATCH = YES;
				"CODE_SIGN_IDENTITY[sdk=iphoneos*]" = "iPhone Developer";
				COPY_PHASE_STRIP = NO;
				DEBUG_INFORMATION_FORMAT = "dwarf-with-dsym";
				ENABLE_STRICT_OBJC_MSGSEND = YES;
				ENABLE_TESTABILITY = YES;
				GCC_C_LANGUAGE_STANDARD = gnu99;
				GCC_DYNAMIC_NO_PIC = NO;
				GCC_NO_COMMON_BLOCKS = YES;
				GCC_OPTIMIZATION_LEVEL = 0;
				GCC_PREPROCESSOR_DEFINITIONS = (
					"DEBUG=1",
					"$(inherited)",
				);
				GCC_SYMBOLS_PRIVATE_EXTERN = NO;
				GCC_WARN_64_TO_32_BIT_CONVERSION = YES;
				GCC_WARN_ABOUT_RETURN_TYPE = YES_ERROR;
				GCC_WARN_UNDECLARED_SELECTOR = YES;
				GCC_WARN_UNINITIALIZED_AUTOS = YES_AGGRESSIVE;
				GCC_WARN_UNUSED_FUNCTION = YES;
				GCC_WARN_UNUSED_VARIABLE = YES;
				IPHONEOS_DEPLOYMENT_TARGET = 10.1;
				"LIBRARY_SEARCH_PATHS[arch=*]" = "";
				MTL_ENABLE_DEBUG_INFO = YES;
				ONLY_ACTIVE_ARCH = YES;
				SDKROOT = iphoneos;
				SWIFT_OPTIMIZATION_LEVEL = "-Onone";
			};
			name = Debug;
		};
		92B6B2161B95F97100EDAD5B /* Release */ = {
			isa = XCBuildConfiguration;
			buildSettings = {
				ALWAYS_SEARCH_USER_PATHS = NO;
				CLANG_CXX_LANGUAGE_STANDARD = "gnu++0x";
				CLANG_CXX_LIBRARY = "libc++";
				CLANG_ENABLE_MODULES = YES;
				CLANG_ENABLE_OBJC_ARC = YES;
				CLANG_WARN_BOOL_CONVERSION = YES;
				CLANG_WARN_CONSTANT_CONVERSION = YES;
				CLANG_WARN_DIRECT_OBJC_ISA_USAGE = YES_ERROR;
				CLANG_WARN_EMPTY_BODY = YES;
				CLANG_WARN_ENUM_CONVERSION = YES;
				CLANG_WARN_INFINITE_RECURSION = YES;
				CLANG_WARN_INT_CONVERSION = YES;
				CLANG_WARN_OBJC_ROOT_CLASS = YES_ERROR;
				CLANG_WARN_SUSPICIOUS_MOVE = YES;
				CLANG_WARN_UNREACHABLE_CODE = YES;
				CLANG_WARN__DUPLICATE_METHOD_MATCH = YES;
				"CODE_SIGN_IDENTITY[sdk=iphoneos*]" = "iPhone Developer";
				COPY_PHASE_STRIP = NO;
				DEBUG_INFORMATION_FORMAT = "dwarf-with-dsym";
				ENABLE_NS_ASSERTIONS = NO;
				ENABLE_STRICT_OBJC_MSGSEND = YES;
				GCC_C_LANGUAGE_STANDARD = gnu99;
				GCC_NO_COMMON_BLOCKS = YES;
				GCC_WARN_64_TO_32_BIT_CONVERSION = YES;
				GCC_WARN_ABOUT_RETURN_TYPE = YES_ERROR;
				GCC_WARN_UNDECLARED_SELECTOR = YES;
				GCC_WARN_UNINITIALIZED_AUTOS = YES_AGGRESSIVE;
				GCC_WARN_UNUSED_FUNCTION = YES;
				GCC_WARN_UNUSED_VARIABLE = YES;
				IPHONEOS_DEPLOYMENT_TARGET = 10.1;
				"LIBRARY_SEARCH_PATHS[arch=*]" = "";
				MTL_ENABLE_DEBUG_INFO = NO;
				SDKROOT = iphoneos;
				SWIFT_OPTIMIZATION_LEVEL = "-Owholemodule";
				VALIDATE_PRODUCT = YES;
			};
			name = Release;
		};
		92B6B2181B95F97100EDAD5B /* Debug */ = {
			isa = XCBuildConfiguration;
			buildSettings = {
				ALWAYS_EMBED_SWIFT_STANDARD_LIBRARIES = YES;
				ASSETCATALOG_COMPILER_APPICON_NAME = AppIcon;
				CODE_SIGN_IDENTITY = "iPhone Developer";
				"CODE_SIGN_IDENTITY[sdk=iphoneos*]" = "iPhone Developer";
				FRAMEWORK_SEARCH_PATHS = (
					"$(inherited)",
					"$(PROJECT_DIR)",
				);
				INFOPLIST_FILE = "PKem IQ/Info.plist";
				IPHONEOS_DEPLOYMENT_TARGET = 10.0;
				LD_RUNPATH_SEARCH_PATHS = "$(inherited) @executable_path/Frameworks";
				PRODUCT_BUNDLE_IDENTIFIER = PKemIQ;
				PRODUCT_NAME = "$(TARGET_NAME)";
				PROVISIONING_PROFILE = "";
				SWIFT_VERSION = 3.0;
				TARGETED_DEVICE_FAMILY = "1,2";
			};
			name = Debug;
		};
		92B6B2191B95F97100EDAD5B /* Release */ = {
			isa = XCBuildConfiguration;
			buildSettings = {
				ALWAYS_EMBED_SWIFT_STANDARD_LIBRARIES = YES;
				ASSETCATALOG_COMPILER_APPICON_NAME = AppIcon;
				CODE_SIGN_IDENTITY = "iPhone Developer";
				"CODE_SIGN_IDENTITY[sdk=iphoneos*]" = "iPhone Developer";
				FRAMEWORK_SEARCH_PATHS = (
					"$(inherited)",
					"$(PROJECT_DIR)",
				);
				INFOPLIST_FILE = "PKem IQ/Info.plist";
				IPHONEOS_DEPLOYMENT_TARGET = 10.0;
				LD_RUNPATH_SEARCH_PATHS = "$(inherited) @executable_path/Frameworks";
				PRODUCT_BUNDLE_IDENTIFIER = PKemIQ;
				PRODUCT_NAME = "$(TARGET_NAME)";
				PROVISIONING_PROFILE = "";
				SWIFT_VERSION = 3.0;
				TARGETED_DEVICE_FAMILY = "1,2";
			};
			name = Release;
		};
		92B6B21B1B95F97100EDAD5B /* Debug */ = {
			isa = XCBuildConfiguration;
			buildSettings = {
				BUNDLE_LOADER = "$(TEST_HOST)";
				"FRAMEWORK_SEARCH_PATHS[arch=*]" = "";
				GCC_PREPROCESSOR_DEFINITIONS = (
					"DEBUG=1",
					"$(inherited)",
				);
				INFOPLIST_FILE = "PKem IQTests/Info.plist";
				LD_RUNPATH_SEARCH_PATHS = "$(inherited) @executable_path/Frameworks @loader_path/Frameworks";
				PRODUCT_BUNDLE_IDENTIFIER = PKemIQ;
				PRODUCT_NAME = "$(TARGET_NAME)";
				SWIFT_VERSION = 3.0;
				TEST_HOST = "$(BUILT_PRODUCTS_DIR)/PKem IQ.app/PKem IQ";
			};
			name = Debug;
		};
		92B6B21C1B95F97100EDAD5B /* Release */ = {
			isa = XCBuildConfiguration;
			buildSettings = {
				BUNDLE_LOADER = "$(TEST_HOST)";
				INFOPLIST_FILE = "PKem IQTests/Info.plist";
				LD_RUNPATH_SEARCH_PATHS = "$(inherited) @executable_path/Frameworks @loader_path/Frameworks";
				PRODUCT_BUNDLE_IDENTIFIER = PKemIQ;
				PRODUCT_NAME = "$(TARGET_NAME)";
				SWIFT_VERSION = 3.0;
				TEST_HOST = "$(BUILT_PRODUCTS_DIR)/PKem IQ.app/PKem IQ";
			};
			name = Release;
		};
/* End XCBuildConfiguration section */

/* Begin XCConfigurationList section */
		92B6B1F31B95F97000EDAD5B /* Build configuration list for PBXProject "PKem IQ" */ = {
			isa = XCConfigurationList;
			buildConfigurations = (
				92B6B2151B95F97100EDAD5B /* Debug */,
				92B6B2161B95F97100EDAD5B /* Release */,
			);
			defaultConfigurationIsVisible = 0;
			defaultConfigurationName = Release;
		};
		92B6B2171B95F97100EDAD5B /* Build configuration list for PBXNativeTarget "PKem IQ" */ = {
			isa = XCConfigurationList;
			buildConfigurations = (
				92B6B2181B95F97100EDAD5B /* Debug */,
				92B6B2191B95F97100EDAD5B /* Release */,
			);
			defaultConfigurationIsVisible = 0;
			defaultConfigurationName = Release;
		};
		92B6B21A1B95F97100EDAD5B /* Build configuration list for PBXNativeTarget "PKem IQTests" */ = {
			isa = XCConfigurationList;
			buildConfigurations = (
				92B6B21B1B95F97100EDAD5B /* Debug */,
				92B6B21C1B95F97100EDAD5B /* Release */,
			);
			defaultConfigurationIsVisible = 0;
			defaultConfigurationName = Release;
		};
/* End XCConfigurationList section */
	};
	rootObject = 92B6B1F01B95F97000EDAD5B /* Project object */;
}
